{
  "version": 4,
  "terraform_version": "1.3.7",
  "serial": 1,
  "lineage": "a12ceef8-60b4-2be5-df00-e0aeca6bea49",
  "outputs": {},
  "resources": [
    {
      "mode": "managed",
      "type": "local_file",
      "name": "file1",
      "provider": "provider[\"registry.terraform.io/hashicorp/local\"]",
      "instances": [
        {
          "schema_version": 0,
          "attributes": {
            "content": "Hi, Hello How are you",
            "content_base64": null,
            "directory_permission": "0777",
            "file_permission": "0777",
            "filename": "F:\\Learning\\Terraform\\terraform_practice\\file_creation1\\file_creation1.txt",
            "id": "c0f84919ba73f0468b1f09b0c80b20e21d1bad6a",
            "sensitive_content": null,
            "source": null
          },
          "sensitive_attributes": []
        }
      ]
    }
  ],
  "check_results": null
}
